
Microsoft Visual Studio Solution File, Format Version 12.00
# Visual Studio Version 17
VisualStudioVersion = 17.8.34330.188
MinimumVisualStudioVersion = 10.0.40219.1
Project("{FAE04EC0-301F-11D3-BF4B-00C04F79EFBC}") = "Stati-Field", "Stati-Field.csproj", "{5F0C01BF-A3A0-4EBC-921C-D1FC6ADF0F42}"
EndProject
Global
	GlobalSection(SolutionConfigurationPlatforms) = preSolution
		Debug|Any CPU = Debug|Any CPU
		Release|Any CPU = Release|Any CPU
	EndGlobalSection
	GlobalSection(ProjectConfigurationPlatforms) = postSolution
		{5F0C01BF-A3A0-4EBC-921C-D1FC6ADF0F42}.Debug|Any CPU.ActiveCfg = Debug|Any CPU
		{5F0C01BF-A3A0-4EBC-921C-D1FC6ADF0F42}.Debug|Any CPU.Build.0 = Debug|Any CPU
		{5F0C01BF-A3A0-4EBC-921C-D1FC6ADF0F42}.Release|Any CPU.ActiveCfg = Release|Any CPU
		{5F0C01BF-A3A0-4EBC-921C-D1FC6ADF0F42}.Release|Any CPU.Build.0 = Release|Any CPU
	EndGlobalSection
	GlobalSection(SolutionProperties) = preSolution
		HideSolutionNode = FALSE
	EndGlobalSection
	GlobalSection(ExtensibilityGlobals) = postSolution
		SolutionGuid = {255B65B4-A3D4-43A3-AD4F-16F0127AF13A}
	EndGlobalSection
EndGlobal
